// !$*UTF8*$!
{
	archiveVersion = 1;
	classes = {
	};
	objectVersion = 46;
	objects = {

/* Begin PBXBuildFile section */
		284133571D35D5960066BD56 /* main.m in Sources */ = {isa = PBXBuildFile; fileRef = 284133561D35D5960066BD56 /* main.m */; };
		2841335A1D35D5960066BD56 /* AppDelegate.m in Sources */ = {isa = PBXBuildFile; fileRef = 284133591D35D5960066BD56 /* AppDelegate.m */; };
		2841335D1D35D5960066BD56 /* HomeViewController.m in Sources */ = {isa = PBXBuildFile; fileRef = 2841335C1D35D5960066BD56 /* HomeViewController.m */; };
		284133601D35D5960066BD56 /* Main.storyboard in Resources */ = {isa = PBXBuildFile; fileRef = 2841335E1D35D5960066BD56 /* Main.storyboard */; };
		284133621D35D5960066BD56 /* Assets.xcassets in Resources */ = {isa = PBXBuildFile; fileRef = 284133611D35D5960066BD56 /* Assets.xcassets */; };
		284133651D35D5960066BD56 /* LaunchScreen.storyboard in Resources */ = {isa = PBXBuildFile; fileRef = 284133631D35D5960066BD56 /* LaunchScreen.storyboard */; };
		2841336E1D35D9D30066BD56 /* SettingsViewController.m in Sources */ = {isa = PBXBuildFile; fileRef = 2841336D1D35D9D30066BD56 /* SettingsViewController.m */; };
		28FD1A841D36267300D7DB10 /* TWLanguageSwitch.m in Sources */ = {isa = PBXBuildFile; fileRef = 28FD1A831D36267300D7DB10 /* TWLanguageSwitch.m */; };
/* End PBXBuildFile section */

/* Begin PBXFileReference section */
		284133521D35D5960066BD56 /* ChangeLanguageDemo.app */ = {isa = PBXFileReference; explicitFileType = wrapper.application; includeInIndex = 0; path = ChangeLanguageDemo.app; sourceTree = BUILT_PRODUCTS_DIR; };
		284133561D35D5960066BD56 /* main.m */ = {isa = PBXFileReference; lastKnownFileType = sourcecode.c.objc; path = main.m; sourceTree = "<group>"; };
		284133581D35D5960066BD56 /* AppDelegate.h */ = {isa = PBXFileReference; lastKnownFileType = sourcecode.c.h; path = AppDelegate.h; sourceTree = "<group>"; };
		284133591D35D5960066BD56 /* AppDelegate.m */ = {isa = PBXFileReference; lastKnownFileType = sourcecode.c.objc; path = AppDelegate.m; sourceTree = "<group>"; };
		2841335B1D35D5960066BD56 /* HomeViewController.h */ = {isa = PBXFileReference; lastKnownFileType = sourcecode.c.h; path = HomeViewController.h; sourceTree = "<group>"; };
		2841335C1D35D5960066BD56 /* HomeViewController.m */ = {isa = PBXFileReference; lastKnownFileType = sourcecode.c.objc; path = HomeViewController.m; sourceTree = "<group>"; };
		2841335F1D35D5960066BD56 /* Base */ = {isa = PBXFileReference; lastKnownFileType = file.storyboard; name = Base; path = Base.lproj/Main.storyboard; sourceTree = "<group>"; };
		284133611D35D5960066BD56 /* Assets.xcassets */ = {isa = PBXFileReference; lastKnownFileType = folder.assetcatalog; path = Assets.xcassets; sourceTree = "<group>"; };
		284133641D35D5960066BD56 /* Base */ = {isa = PBXFileReference; lastKnownFileType = file.storyboard; name = Base; path = Base.lproj/LaunchScreen.storyboard; sourceTree = "<group>"; };
		284133661D35D5960066BD56 /* Info.plist */ = {isa = PBXFileReference; lastKnownFileType = text.plist.xml; path = Info.plist; sourceTree = "<group>"; };
		2841336C1D35D9D30066BD56 /* SettingsViewController.h */ = {isa = PBXFileReference; fileEncoding = 4; lastKnownFileType = sourcecode.c.h; path = SettingsViewController.h; sourceTree = "<group>"; };
		2841336D1D35D9D30066BD56 /* SettingsViewController.m */ = {isa = PBXFileReference; fileEncoding = 4; lastKnownFileType = sourcecode.c.objc; path = SettingsViewController.m; sourceTree = "<group>"; };
		28FD1A821D36267300D7DB10 /* TWLanguageSwitch.h */ = {isa = PBXFileReference; fileEncoding = 4; lastKnownFileType = sourcecode.c.h; path = TWLanguageSwitch.h; sourceTree = "<group>"; };
		28FD1A831D36267300D7DB10 /* TWLanguageSwitch.m */ = {isa = PBXFileReference; fileEncoding = 4; lastKnownFileType = sourcecode.c.objc; path = TWLanguageSwitch.m; sourceTree = "<group>"; };
		F0C2512BEFD53A409683DC6A /* libPods.a */ = {isa = PBXFileReference; explicitFileType = archive.ar; includeInIndex = 0; path = libPods.a; sourceTree = BUILT_PRODUCTS_DIR; };
/* End PBXFileReference section */

/* Begin PBXFrameworksBuildPhase section */
		2841334F1D35D5960066BD56 /* Frameworks */ = {
			isa = PBXFrameworksBuildPhase;
			buildActionMask = 2147483647;
			files = (
			);
			runOnlyForDeploymentPostprocessing = 0;
		};
/* End PBXFrameworksBuildPhase section */

/* Begin PBXGroup section */
		270D92C0299FD617D1058D08 /* Frameworks */ = {
			isa = PBXGroup;
			children = (
				F0C2512BEFD53A409683DC6A /* libPods.a */,
			);
			name = Frameworks;
			sourceTree = "<group>";
		};
		284133491D35D5960066BD56 = {
			isa = PBXGroup;
			children = (
				28FD1A811D36267300D7DB10 /* LanguageSwitch */,
				284133541D35D5960066BD56 /* LanguageSwitchDemo */,
				284133531D35D5960066BD56 /* Products */,
				270D92C0299FD617D1058D08 /* Frameworks */,
			);
			sourceTree = "<group>";
		};
		284133531D35D5960066BD56 /* Products */ = {
			isa = PBXGroup;
			children = (
				284133521D35D5960066BD56 /* ChangeLanguageDemo.app */,
			);
			name = Products;
			sourceTree = "<group>";
		};
		284133541D35D5960066BD56 /* LanguageSwitchDemo */ = {
			isa = PBXGroup;
			children = (
				284133581D35D5960066BD56 /* AppDelegate.h */,
				284133591D35D5960066BD56 /* AppDelegate.m */,
				2841335B1D35D5960066BD56 /* HomeViewController.h */,
				2841335C1D35D5960066BD56 /* HomeViewController.m */,
				2841335E1D35D5960066BD56 /* Main.storyboard */,
				284133611D35D5960066BD56 /* Assets.xcassets */,
				284133631D35D5960066BD56 /* LaunchScreen.storyboard */,
				284133661D35D5960066BD56 /* Info.plist */,
				284133551D35D5960066BD56 /* Supporting Files */,
				2841336C1D35D9D30066BD56 /* SettingsViewController.h */,
				2841336D1D35D9D30066BD56 /* SettingsViewController.m */,
			);
			path = LanguageSwitchDemo;
			sourceTree = "<group>";
		};
		284133551D35D5960066BD56 /* Supporting Files */ = {
			isa = PBXGroup;
			children = (
				284133561D35D5960066BD56 /* main.m */,
			);
			name = "Supporting Files";
			sourceTree = "<group>";
		};
		28FD1A811D36267300D7DB10 /* LanguageSwitch */ = {
			isa = PBXGroup;
			children = (
				28FD1A821D36267300D7DB10 /* TWLanguageSwitch.h */,
				28FD1A831D36267300D7DB10 /* TWLanguageSwitch.m */,
			);
			path = LanguageSwitch;
			sourceTree = "<group>";
		};
/* End PBXGroup section */

/* Begin PBXNativeTarget section */
		284133511D35D5960066BD56 /* ChangeLanguageDemo */ = {
			isa = PBXNativeTarget;
			buildConfigurationList = 284133691D35D5960066BD56 /* Build configuration list for PBXNativeTarget "ChangeLanguageDemo" */;
			buildPhases = (
				2841334E1D35D5960066BD56 /* Sources */,
				2841334F1D35D5960066BD56 /* Frameworks */,
				284133501D35D5960066BD56 /* Resources */,
			);
			buildRules = (
			);
			dependencies = (
			);
			name = ChangeLanguageDemo;
			productName = ChangeLanguageDemo;
			productReference = 284133521D35D5960066BD56 /* ChangeLanguageDemo.app */;
			productType = "com.apple.product-type.application";
		};
/* End PBXNativeTarget section */

/* Begin PBXProject section */
		2841334A1D35D5960066BD56 /* Project object */ = {
			isa = PBXProject;
			attributes = {
				LastUpgradeCheck = 0720;
				ORGANIZATIONNAME = lza;
				TargetAttributes = {
					284133511D35D5960066BD56 = {
						CreatedOnToolsVersion = 7.2;
						DevelopmentTeam = D3K393HJ7Y;
					};
				};
			};
			buildConfigurationList = 2841334D1D35D5960066BD56 /* Build configuration list for PBXProject "LanguageSwitchDemo" */;
			compatibilityVersion = "Xcode 3.2";
			developmentRegion = English;
			hasScannedForEncodings = 0;
			knownRegions = (
				en,
				Base,
			);
			mainGroup = 284133491D35D5960066BD56;
			productRefGroup = 284133531D35D5960066BD56 /* Products */;
			projectDirPath = "";
			projectRoot = "";
			targets = (
				284133511D35D5960066BD56 /* ChangeLanguageDemo */,
			);
		};
/* End PBXProject section */

/* Begin PBXResourcesBuildPhase section */
		284133501D35D5960066BD56 /* Resources */ = {
			isa = PBXResourcesBuildPhase;
			buildActionMask = 2147483647;
			files = (
				284133651D35D5960066BD56 /* LaunchScreen.storyboard in Resources */,
				284133621D35D5960066BD56 /* Assets.xcassets in Resources */,
				284133601D35D5960066BD56 /* Main.storyboard in Resources */,
			);
			runOnlyForDeploymentPostprocessing = 0;
		};
/* End PBXResourcesBuildPhase section */

/* Begin PBXSourcesBuildPhase section */
		2841334E1D35D5960066BD56 /* Sources */ = {
			isa = PBXSourcesBuildPhase;
			buildActionMask = 2147483647;
			files = (
				2841335D1D35D5960066BD56 /* HomeViewController.m in Sources */,
				28FD1A841D36267300D7DB10 /* TWLanguageSwitch.m in Sources */,
				2841335A1D35D5960066BD56 /* AppDelegate.m in Sources */,
				284133571D35D5960066BD56 /* main.m in Sources */,
				2841336E1D35D9D30066BD56 /* SettingsViewController.m in Sources */,
			);
			runOnlyForDeploymentPostprocessing = 0;
		};
/* End PBXSourcesBuildPhase section */

/* Begin PBXVariantGroup section */
		2841335E1D35D5960066BD56 /* Main.storyboard */ = {
			isa = PBXVariantGroup;
			children = (
				2841335F1D35D5960066BD56 /* Base */,
			);
			name = Main.storyboard;
			sourceTree = "<group>";
		};
		284133631D35D5960066BD56 /* LaunchScreen.storyboard */ = {
			isa = PBXVariantGroup;
			children = (
				284133641D35D5960066BD56 /* Base */,
			);
			name = LaunchScreen.storyboard;
			sourceTree = "<group>";
		};
/* End PBXVariantGroup section */

/* Begin XCBuildConfiguration section */
		284133671D35D5960066BD56 /* Debug */ = {
			isa = XCBuildConfiguration;
			buildSettings = {
				ALWAYS_SEARCH_USER_PATHS = NO;
				CLANG_CXX_LANGUAGE_STANDARD = "gnu++0x";
				CLANG_CXX_LIBRARY = "libc++";
				CLANG_ENABLE_MODULES = YES;
				CLANG_ENABLE_OBJC_ARC = YES;
				CLANG_WARN_BOOL_CONVERSION = YES;
				CLANG_WARN_CONSTANT_CONVERSION = YES;
				CLANG_WARN_DIRECT_OBJC_ISA_USAGE = YES_ERROR;
				CLANG_WARN_EMPTY_BODY = YES;
				CLANG_WARN_ENUM_CONVERSION = YES;
				CLANG_WARN_INT_CONVERSION = YES;
				CLANG_WARN_OBJC_ROOT_CLASS = YES_ERROR;
				CLANG_WARN_UNREACHABLE_CODE = YES;
				CLANG_WARN__DUPLICATE_METHOD_MATCH = YES;
				"CODE_SIGN_IDENTITY[sdk=iphoneos*]" = "iPhone Developer";
				COPY_PHASE_STRIP = NO;
				DEBUG_INFORMATION_FORMAT = dwarf;
				ENABLE_STRICT_OBJC_MSGSEND = YES;
				ENABLE_TESTABILITY = YES;
				GCC_C_LANGUAGE_STANDARD = gnu99;
				GCC_DYNAMIC_NO_PIC = NO;
				GCC_NO_COMMON_BLOCKS = YES;
				GCC_OPTIMIZATION_LEVEL = 0;
				GCC_PREPROCESSOR_DEFINITIONS = (
					"DEBUG=1",
					"$(inherited)",
				);
				GCC_WARN_64_TO_32_BIT_CONVERSION = YES;
				GCC_WARN_ABOUT_RETURN_TYPE = YES_ERROR;
				GCC_WARN_UNDECLARED_SELECTOR = YES;
				GCC_WARN_UNINITIALIZED_AUTOS = YES_AGGRESSIVE;
				GCC_WARN_UNUSED_FUNCTION = YES;
				GCC_WARN_UNUSED_VARIABLE = YES;
				IPHONEOS_DEPLOYMENT_TARGET = 9.2;
				MTL_ENABLE_DEBUG_INFO = YES;
				ONLY_ACTIVE_ARCH = YES;
				SDKROOT = iphoneos;
			};
			name = Debug;
		};
		284133681D35D5960066BD56 /* Release */ = {
			isa = XCBuildConfiguration;
			buildSettings = {
				ALWAYS_SEARCH_USER_PATHS = NO;
				CLANG_CXX_LANGUAGE_STANDARD = "gnu++0x";
				CLANG_CXX_LIBRARY = "libc++";
				CLANG_ENABLE_MODULES = YES;
				CLANG_ENABLE_OBJC_ARC = YES;
				CLANG_WARN_BOOL_CONVERSION = YES;
				CLANG_WARN_CONSTANT_CONVERSION = YES;
				CLANG_WARN_DIRECT_OBJC_ISA_USAGE = YES_ERROR;
				CLANG_WARN_EMPTY_BODY = YES;
				CLANG_WARN_ENUM_CONVERSION = YES;
				CLANG_WARN_INT_CONVERSION = YES;
				CLANG_WARN_OBJC_ROOT_CLASS = YES_ERROR;
				CLANG_WARN_UNREACHABLE_CODE = YES;
				CLANG_WARN__DUPLICATE_METHOD_MATCH = YES;
				"CODE_SIGN_IDENTITY[sdk=iphoneos*]" = "iPhone Developer";
				COPY_PHASE_STRIP = NO;
				DEBUG_INFORMATION_FORMAT = "dwarf-with-dsym";
				ENABLE_NS_ASSERTIONS = NO;
				ENABLE_STRICT_OBJC_MSGSEND = YES;
				GCC_C_LANGUAGE_STANDARD = gnu99;
				GCC_NO_COMMON_BLOCKS = YES;
				GCC_WARN_64_TO_32_BIT_CONVERSION = YES;
				GCC_WARN_ABOUT_RETURN_TYPE = YES_ERROR;
				GCC_WARN_UNDECLARED_SELECTOR = YES;
				GCC_WARN_UNINITIALIZED_AUTOS = YES_AGGRESSIVE;
				GCC_WARN_UNUSED_FUNCTION = YES;
				GCC_WARN_UNUSED_VARIABLE = YES;
				IPHONEOS_DEPLOYMENT_TARGET = 9.2;
				MTL_ENABLE_DEBUG_INFO = NO;
				SDKROOT = iphoneos;
				VALIDATE_PRODUCT = YES;
			};
			name = Release;
		};
		2841336A1D35D5960066BD56 /* Debug */ = {
			isa = XCBuildConfiguration;
			buildSettings = {
				ASSETCATALOG_COMPILER_APPICON_NAME = AppIcon;
				INFOPLIST_FILE = "$(SRCROOT)/LanguageSwitchDemo/Info.plist";
				IPHONEOS_DEPLOYMENT_TARGET = 8.0;
				LD_RUNPATH_SEARCH_PATHS = "$(inherited) @executable_path/Frameworks";
				PRODUCT_BUNDLE_IDENTIFIER = com.lza.ChangeLanguageDemo;
				PRODUCT_NAME = "$(TARGET_NAME)";
			};
			name = Debug;
		};
		2841336B1D35D5960066BD56 /* Release */ = {
			isa = XCBuildConfiguration;
			buildSettings = {
				ASSETCATALOG_COMPILER_APPICON_NAME = AppIcon;
				INFOPLIST_FILE = "$(SRCROOT)/LanguageSwitchDemo/Info.plist";
				IPHONEOS_DEPLOYMENT_TARGET = 8.0;
				LD_RUNPATH_SEARCH_PATHS = "$(inherited) @executable_path/Frameworks";
				PRODUCT_BUNDLE_IDENTIFIER = com.lza.ChangeLanguageDemo;
				PRODUCT_NAME = "$(TARGET_NAME)";
			};
			name = Release;
		};
/* End XCBuildConfiguration section */

/* Begin XCConfigurationList section */
		2841334D1D35D5960066BD56 /* Build configuration list for PBXProject "LanguageSwitchDemo" */ = {
			isa = XCConfigurationList;
			buildConfigurations = (
				284133671D35D5960066BD56 /* Debug */,
				284133681D35D5960066BD56 /* Release */,
			);
			defaultConfigurationIsVisible = 0;
			defaultConfigurationName = Release;
		};
		284133691D35D5960066BD56 /* Build configuration list for PBXNativeTarget "ChangeLanguageDemo" */ = {
			isa = XCConfigurationList;
			buildConfigurations = (
				2841336A1D35D5960066BD56 /* Debug */,
				2841336B1D35D5960066BD56 /* Release */,
			);
			defaultConfigurationIsVisible = 0;
			defaultConfigurationName = Release;
		};
/* End XCConfigurationList section */
	};
	rootObject = 2841334A1D35D5960066BD56 /* Project object */;
}
